
Microsoft Visual Studio Solution File, Format Version 12.00
# Visual Studio Version 16
VisualStudioVersion = 16.0.29020.237
MinimumVisualStudioVersion = 10.0.40219.1
Project("{8BC9CEB8-8B4A-11D0-8D11-00A0C91BC942}") = "Sandbox", "Sandbox\Sandbox.vcxproj", "{E1B0937B-1BC3-4122-8D10-B6596E1B042D}"
EndProject
Project("{8BC9CEB8-8B4A-11D0-8D11-00A0C91BC942}") = "Mirage", "Mirage\Mirage.vcxproj", "{09E1DA29-B031-4694-BD23-09FD4106B9CD}"
EndProject
Global
	GlobalSection(SolutionConfigurationPlatforms) = preSolution
		Debug|x64 = Debug|x64
		Release|x64 = Release|x64
	EndGlobalSection
	GlobalSection(ProjectConfigurationPlatforms) = postSolution
		{09E1DA29-B031-4694-BD23-09FD4106B9CD}.Debug|x64.ActiveCfg = Debug|x64
		{09E1DA29-B031-4694-BD23-09FD4106B9CD}.Debug|x64.Build.0 = Debug|x64
		{09E1DA29-B031-4694-BD23-09FD4106B9CD}.Release|x64.ActiveCfg = Release|x64
		{09E1DA29-B031-4694-BD23-09FD4106B9CD}.Release|x64.Build.0 = Release|x64
		{E1B0937B-1BC3-4122-8D10-B6596E1B042D}.Debug|x64.ActiveCfg = Debug|x64
		{E1B0937B-1BC3-4122-8D10-B6596E1B042D}.Debug|x64.Build.0 = Debug|x64
		{E1B0937B-1BC3-4122-8D10-B6596E1B042D}.Release|x64.ActiveCfg = Release|x64
		{E1B0937B-1BC3-4122-8D10-B6596E1B042D}.Release|x64.Build.0 = Release|x64
	EndGlobalSection
	GlobalSection(SolutionProperties) = preSolution
		HideSolutionNode = FALSE
	EndGlobalSection
	GlobalSection(ExtensibilityGlobals) = postSolution
		SolutionGuid = {E5382C9F-3969-4F86-BCE4-324E5F4A00D2}
	EndGlobalSection
EndGlobal
